
Microsoft Visual Studio Solution File, Format Version 12.00
# Visual Studio Version 17
VisualStudioVersion = 17.0.31903.59
MinimumVisualStudioVersion = 10.0.40219.1
Project("{2150E333-8FDC-42A3-9474-1A3956D46DE8}") = "src", "src", "{4C6FFE36-7A30-4EE5-B94E-DD329686BA49}"
EndProject
Project("{9A19103F-16F7-4668-BE54-9A1E7A4F7556}") = "EarlyVisionAI", "src\EarlyVisionAI\EarlyVisionAI.csproj", "{608C906E-BB5C-4FF3-A94B-C8C7AF7340B8}"
EndProject
Project("{E53339B2-1760-4266-BCC7-CA923CBCF16C}") = "docker-compose", "docker-compose.dcproj", "{041C2D75-C2CB-4538-B18B-5A0058B9A88D}"
EndProject
Global
	GlobalSection(SolutionConfigurationPlatforms) = preSolution
		Debug|Any CPU = Debug|Any CPU
		Release|Any CPU = Release|Any CPU
	EndGlobalSection
	GlobalSection(ProjectConfigurationPlatforms) = postSolution
		{608C906E-BB5C-4FF3-A94B-C8C7AF7340B8}.Debug|Any CPU.ActiveCfg = Debug|Any CPU
		{608C906E-BB5C-4FF3-A94B-C8C7AF7340B8}.Debug|Any CPU.Build.0 = Debug|Any CPU
		{608C906E-BB5C-4FF3-A94B-C8C7AF7340B8}.Release|Any CPU.ActiveCfg = Release|Any CPU
		{608C906E-BB5C-4FF3-A94B-C8C7AF7340B8}.Release|Any CPU.Build.0 = Release|Any CPU
		{041C2D75-C2CB-4538-B18B-5A0058B9A88D}.Debug|Any CPU.ActiveCfg = Debug|Any CPU
		{041C2D75-C2CB-4538-B18B-5A0058B9A88D}.Debug|Any CPU.Build.0 = Debug|Any CPU
		{041C2D75-C2CB-4538-B18B-5A0058B9A88D}.Release|Any CPU.ActiveCfg = Release|Any CPU
		{041C2D75-C2CB-4538-B18B-5A0058B9A88D}.Release|Any CPU.Build.0 = Release|Any CPU
	EndGlobalSection
	GlobalSection(SolutionProperties) = preSolution
		HideSolutionNode = FALSE
	EndGlobalSection
	GlobalSection(NestedProjects) = preSolution
		{608C906E-BB5C-4FF3-A94B-C8C7AF7340B8} = {4C6FFE36-7A30-4EE5-B94E-DD329686BA49}
	EndGlobalSection
	GlobalSection(ExtensibilityGlobals) = postSolution
		SolutionGuid = {85C6311D-3135-4146-A203-BEB2FE26ABDF}
	EndGlobalSection
EndGlobal
